
Microsoft Visual Studio Solution File, Format Version 12.00
# Visual Studio Version 16
VisualStudioVersion = 16.0.28721.148
MinimumVisualStudioVersion = 10.0.40219.1
Project("{9A19103F-16F7-4668-BE54-9A1E7A4F7556}") = "WpfClient", "WpfClient.csproj", "{D64070E8-EF67-4AE9-9529-3D1FB9D6336D}"
EndProject
Global
	GlobalSection(SolutionConfigurationPlatforms) = preSolution
		Debug|Any CPU = Debug|Any CPU
		Release|Any CPU = Release|Any CPU
	EndGlobalSection
	GlobalSection(ProjectConfigurationPlatforms) = postSolution
		{D64070E8-EF67-4AE9-9529-3D1FB9D6336D}.Debug|Any CPU.ActiveCfg = Debug|Any CPU
		{D64070E8-EF67-4AE9-9529-3D1FB9D6336D}.Debug|Any CPU.Build.0 = Debug|Any CPU
		{D64070E8-EF67-4AE9-9529-3D1FB9D6336D}.Release|Any CPU.ActiveCfg = Release|Any CPU
		{D64070E8-EF67-4AE9-9529-3D1FB9D6336D}.Release|Any CPU.Build.0 = Release|Any CPU
	EndGlobalSection
	GlobalSection(SolutionProperties) = preSolution
		HideSolutionNode = FALSE
	EndGlobalSection
	GlobalSection(ExtensibilityGlobals) = postSolution
		SolutionGuid = {7BC8DEE4-8B8E-499E-A008-389847A25445}
	EndGlobalSection
EndGlobal
